
Microsoft Visual Studio Solution File, Format Version 12.00
# Visual Studio Version 17
VisualStudioVersion = 17.2.32526.322
MinimumVisualStudioVersion = 10.0.40219.1
Project("{FAE04EC0-301F-11D3-BF4B-00C04F79EFBC}") = "MagickNETExceptionExample.App", "MagickNETExceptionExample.App\MagickNETExceptionExample.App.csproj", "{8F44F1A7-4DA5-4095-AC92-A292C5849C15}"
EndProject
Global
	GlobalSection(SolutionConfigurationPlatforms) = preSolution
		Debug|Any CPU = Debug|Any CPU
		Debug|x64 = Debug|x64
		Release|Any CPU = Release|Any CPU
		Release|x64 = Release|x64
	EndGlobalSection
	GlobalSection(ProjectConfigurationPlatforms) = postSolution
		{8F44F1A7-4DA5-4095-AC92-A292C5849C15}.Debug|Any CPU.ActiveCfg = Debug|Any CPU
		{8F44F1A7-4DA5-4095-AC92-A292C5849C15}.Debug|Any CPU.Build.0 = Debug|Any CPU
		{8F44F1A7-4DA5-4095-AC92-A292C5849C15}.Debug|x64.ActiveCfg = Debug|x64
		{8F44F1A7-4DA5-4095-AC92-A292C5849C15}.Debug|x64.Build.0 = Debug|x64
		{8F44F1A7-4DA5-4095-AC92-A292C5849C15}.Release|Any CPU.ActiveCfg = Release|Any CPU
		{8F44F1A7-4DA5-4095-AC92-A292C5849C15}.Release|Any CPU.Build.0 = Release|Any CPU
		{8F44F1A7-4DA5-4095-AC92-A292C5849C15}.Release|x64.ActiveCfg = Release|x64
		{8F44F1A7-4DA5-4095-AC92-A292C5849C15}.Release|x64.Build.0 = Release|x64
	EndGlobalSection
	GlobalSection(SolutionProperties) = preSolution
		HideSolutionNode = FALSE
	EndGlobalSection
	GlobalSection(ExtensibilityGlobals) = postSolution
		SolutionGuid = {B1CE44B7-1574-4ECB-B627-D06E590BD819}
	EndGlobalSection
EndGlobal
